
Microsoft Visual Studio Solution File, Format Version 12.00
# Visual Studio 15
VisualStudioVersion = 15.0.27428.2037
MinimumVisualStudioVersion = 10.0.40219.1
Project("{FAE04EC0-301F-11D3-BF4B-00C04F79EFBC}") = "Libros", "Libros\Libros.csproj", "{FB45B232-0514-464E-AD6A-5E6C8E52B1DC}"
EndProject
Global
	GlobalSection(SolutionConfigurationPlatforms) = preSolution
		Debug|Any CPU = Debug|Any CPU
		Release|Any CPU = Release|Any CPU
	EndGlobalSection
	GlobalSection(ProjectConfigurationPlatforms) = postSolution
		{FB45B232-0514-464E-AD6A-5E6C8E52B1DC}.Debug|Any CPU.ActiveCfg = Debug|Any CPU
		{FB45B232-0514-464E-AD6A-5E6C8E52B1DC}.Debug|Any CPU.Build.0 = Debug|Any CPU
		{FB45B232-0514-464E-AD6A-5E6C8E52B1DC}.Release|Any CPU.ActiveCfg = Release|Any CPU
		{FB45B232-0514-464E-AD6A-5E6C8E52B1DC}.Release|Any CPU.Build.0 = Release|Any CPU
	EndGlobalSection
	GlobalSection(SolutionProperties) = preSolution
		HideSolutionNode = FALSE
	EndGlobalSection
	GlobalSection(ExtensibilityGlobals) = postSolution
		SolutionGuid = {F90DC692-A0C7-4FA7-9220-271BC8090C2B}
	EndGlobalSection
EndGlobal
